
Microsoft Visual Studio Solution File, Format Version 12.00
# Visual Studio Version 17
VisualStudioVersion = 17.9.34728.123
MinimumVisualStudioVersion = 10.0.40219.1
Project("{FAE04EC0-301F-11D3-BF4B-00C04F79EFBC}") = "Maurer.XUnit.Utilities", "Maurer.XUnit.Utilities\Maurer.XUnit.Utilities.csproj", "{A9BA5E0A-8C71-4648-B5E9-E6E3EFC18855}"
EndProject
Project("{FAE04EC0-301F-11D3-BF4B-00C04F79EFBC}") = "UnitTesting", "UnitTesting\UnitTesting.csproj", "{EABC5207-1210-4A8E-A831-EB327EC6EA41}"
EndProject
Global
	GlobalSection(SolutionConfigurationPlatforms) = preSolution
		Debug|Any CPU = Debug|Any CPU
		Release|Any CPU = Release|Any CPU
	EndGlobalSection
	GlobalSection(ProjectConfigurationPlatforms) = postSolution
		{A9BA5E0A-8C71-4648-B5E9-E6E3EFC18855}.Debug|Any CPU.ActiveCfg = Debug|Any CPU
		{A9BA5E0A-8C71-4648-B5E9-E6E3EFC18855}.Debug|Any CPU.Build.0 = Debug|Any CPU
		{A9BA5E0A-8C71-4648-B5E9-E6E3EFC18855}.Release|Any CPU.ActiveCfg = Release|Any CPU
		{A9BA5E0A-8C71-4648-B5E9-E6E3EFC18855}.Release|Any CPU.Build.0 = Release|Any CPU
		{EABC5207-1210-4A8E-A831-EB327EC6EA41}.Debug|Any CPU.ActiveCfg = Debug|Any CPU
		{EABC5207-1210-4A8E-A831-EB327EC6EA41}.Debug|Any CPU.Build.0 = Debug|Any CPU
		{EABC5207-1210-4A8E-A831-EB327EC6EA41}.Release|Any CPU.ActiveCfg = Release|Any CPU
		{EABC5207-1210-4A8E-A831-EB327EC6EA41}.Release|Any CPU.Build.0 = Release|Any CPU
	EndGlobalSection
	GlobalSection(SolutionProperties) = preSolution
		HideSolutionNode = FALSE
	EndGlobalSection
	GlobalSection(ExtensibilityGlobals) = postSolution
		SolutionGuid = {6C3E2275-34E9-47E7-A48C-17A5E37B2607}
	EndGlobalSection
EndGlobal
